
Microsoft Visual Studio Solution File, Format Version 12.00
# Visual Studio Version 17
VisualStudioVersion = 17.2.32526.322
MinimumVisualStudioVersion = 10.0.40219.1
Project("{FAE04EC0-301F-11D3-BF4B-00C04F79EFBC}") = "WindBackup", "WindBackup\WindBackup.csproj", "{3E1183AB-0BF8-420C-9B2B-A3C5BC60E7F2}"
EndProject
Global
	GlobalSection(SolutionConfigurationPlatforms) = preSolution
		Debug|Any CPU = Debug|Any CPU
		Release|Any CPU = Release|Any CPU
	EndGlobalSection
	GlobalSection(ProjectConfigurationPlatforms) = postSolution
		{3E1183AB-0BF8-420C-9B2B-A3C5BC60E7F2}.Debug|Any CPU.ActiveCfg = Debug|Any CPU
		{3E1183AB-0BF8-420C-9B2B-A3C5BC60E7F2}.Debug|Any CPU.Build.0 = Debug|Any CPU
		{3E1183AB-0BF8-420C-9B2B-A3C5BC60E7F2}.Release|Any CPU.ActiveCfg = Release|Any CPU
		{3E1183AB-0BF8-420C-9B2B-A3C5BC60E7F2}.Release|Any CPU.Build.0 = Release|Any CPU
	EndGlobalSection
	GlobalSection(SolutionProperties) = preSolution
		HideSolutionNode = FALSE
	EndGlobalSection
	GlobalSection(ExtensibilityGlobals) = postSolution
		SolutionGuid = {9F4ABAB2-3254-4CD5-B603-A10F7F9F3EBA}
	EndGlobalSection
EndGlobal
